
Microsoft Visual Studio Solution File, Format Version 12.00
# Visual Studio Version 17
VisualStudioVersion = 17.2.32526.322
MinimumVisualStudioVersion = 10.0.40219.1
Project("{9A19103F-16F7-4668-BE54-9A1E7A4F7556}") = "BuscadorImoveis.Tests", "BuscadorImoveis.Tests\BuscadorImoveis.Tests.csproj", "{9C7AE2AC-5675-4852-905D-0DF476D8502F}"
EndProject
Project("{9A19103F-16F7-4668-BE54-9A1E7A4F7556}") = "BuscadorImoveisWorker", "BuscadorImoveisWorker\BuscadorImoveisWorker.csproj", "{70E8AB25-7437-404A-8C86-BF2C47576935}"
EndProject
Global
	GlobalSection(SolutionConfigurationPlatforms) = preSolution
		Debug|Any CPU = Debug|Any CPU
		Release|Any CPU = Release|Any CPU
	EndGlobalSection
	GlobalSection(ProjectConfigurationPlatforms) = postSolution
		{9C7AE2AC-5675-4852-905D-0DF476D8502F}.Debug|Any CPU.ActiveCfg = Debug|Any CPU
		{9C7AE2AC-5675-4852-905D-0DF476D8502F}.Debug|Any CPU.Build.0 = Debug|Any CPU
		{9C7AE2AC-5675-4852-905D-0DF476D8502F}.Release|Any CPU.ActiveCfg = Release|Any CPU
		{9C7AE2AC-5675-4852-905D-0DF476D8502F}.Release|Any CPU.Build.0 = Release|Any CPU
		{70E8AB25-7437-404A-8C86-BF2C47576935}.Debug|Any CPU.ActiveCfg = Debug|Any CPU
		{70E8AB25-7437-404A-8C86-BF2C47576935}.Debug|Any CPU.Build.0 = Debug|Any CPU
		{70E8AB25-7437-404A-8C86-BF2C47576935}.Release|Any CPU.ActiveCfg = Release|Any CPU
		{70E8AB25-7437-404A-8C86-BF2C47576935}.Release|Any CPU.Build.0 = Release|Any CPU
	EndGlobalSection
	GlobalSection(SolutionProperties) = preSolution
		HideSolutionNode = FALSE
	EndGlobalSection
	GlobalSection(ExtensibilityGlobals) = postSolution
		SolutionGuid = {614128A5-0D52-4301-862A-D99A5944A828}
	EndGlobalSection
EndGlobal
